// !$*UTF8*$!
{
	archiveVersion = 1;
	classes = {
	};
	objectVersion = 56;
	objects = {

/* Begin PBXBuildFile section */
		DEA560792CC0D34B0073C520 /* AppDelegate.swift in Sources */ = {isa = PBXBuildFile; fileRef = DEA560782CC0D34B0073C520 /* AppDelegate.swift */; };
		DEA5607B2CC0D34B0073C520 /* SceneDelegate.swift in Sources */ = {isa = PBXBuildFile; fileRef = DEA5607A2CC0D34B0073C520 /* SceneDelegate.swift */; };
		DEA5607D2CC0D34B0073C520 /* ViewController.swift in Sources */ = {isa = PBXBuildFile; fileRef = DEA5607C2CC0D34B0073C520 /* ViewController.swift */; };
		DEA560802CC0D34B0073C520 /* Main.storyboard in Resources */ = {isa = PBXBuildFile; fileRef = DEA5607E2CC0D34B0073C520 /* Main.storyboard */; };
		DEA560822CC0D34C0073C520 /* Assets.xcassets in Resources */ = {isa = PBXBuildFile; fileRef = DEA560812CC0D34C0073C520 /* Assets.xcassets */; };
		DEA560852CC0D34C0073C520 /* LaunchScreen.storyboard in Resources */ = {isa = PBXBuildFile; fileRef = DEA560832CC0D34C0073C520 /* LaunchScreen.storyboard */; };
		DEA560902CC0D34C0073C520 /* AtlysCarouselTaskTests.swift in Sources */ = {isa = PBXBuildFile; fileRef = DEA5608F2CC0D34C0073C520 /* AtlysCarouselTaskTests.swift */; };
		DEA5609A2CC0D34C0073C520 /* AtlysCarouselTaskUITests.swift in Sources */ = {isa = PBXBuildFile; fileRef = DEA560992CC0D34C0073C520 /* AtlysCarouselTaskUITests.swift */; };
		DEA5609C2CC0D34C0073C520 /* AtlysCarouselTaskUITestsLaunchTests.swift in Sources */ = {isa = PBXBuildFile; fileRef = DEA5609B2CC0D34C0073C520 /* AtlysCarouselTaskUITestsLaunchTests.swift */; };
		DEA560A92CC123FA0073C520 /* CarouselImage.swift in Sources */ = {isa = PBXBuildFile; fileRef = DEA560A82CC123FA0073C520 /* CarouselImage.swift */; };
		DEA560AB2CC1241A0073C520 /* CarouselViewModel.swift in Sources */ = {isa = PBXBuildFile; fileRef = DEA560AA2CC1241A0073C520 /* CarouselViewModel.swift */; };
/* End PBXBuildFile section */

/* Begin PBXContainerItemProxy section */
		DEA5608C2CC0D34C0073C520 /* PBXContainerItemProxy */ = {
			isa = PBXContainerItemProxy;
			containerPortal = DEA5606D2CC0D34B0073C520 /* Project object */;
			proxyType = 1;
			remoteGlobalIDString = DEA560742CC0D34B0073C520;
			remoteInfo = AtlysCarouselTask;
		};
		DEA560962CC0D34C0073C520 /* PBXContainerItemProxy */ = {
			isa = PBXContainerItemProxy;
			containerPortal = DEA5606D2CC0D34B0073C520 /* Project object */;
			proxyType = 1;
			remoteGlobalIDString = DEA560742CC0D34B0073C520;
			remoteInfo = AtlysCarouselTask;
		};
/* End PBXContainerItemProxy section */

/* Begin PBXFileReference section */
		DEA560752CC0D34B0073C520 /* AtlysCarouselTask.app */ = {isa = PBXFileReference; explicitFileType = wrapper.application; includeInIndex = 0; path = AtlysCarouselTask.app; sourceTree = BUILT_PRODUCTS_DIR; };
		DEA560782CC0D34B0073C520 /* AppDelegate.swift */ = {isa = PBXFileReference; lastKnownFileType = sourcecode.swift; path = AppDelegate.swift; sourceTree = "<group>"; };
		DEA5607A2CC0D34B0073C520 /* SceneDelegate.swift */ = {isa = PBXFileReference; lastKnownFileType = sourcecode.swift; path = SceneDelegate.swift; sourceTree = "<group>"; };
		DEA5607C2CC0D34B0073C520 /* ViewController.swift */ = {isa = PBXFileReference; lastKnownFileType = sourcecode.swift; path = ViewController.swift; sourceTree = "<group>"; };
		DEA5607F2CC0D34B0073C520 /* Base */ = {isa = PBXFileReference; lastKnownFileType = file.storyboard; name = Base; path = Base.lproj/Main.storyboard; sourceTree = "<group>"; };
		DEA560812CC0D34C0073C520 /* Assets.xcassets */ = {isa = PBXFileReference; lastKnownFileType = folder.assetcatalog; path = Assets.xcassets; sourceTree = "<group>"; };
		DEA560842CC0D34C0073C520 /* Base */ = {isa = PBXFileReference; lastKnownFileType = file.storyboard; name = Base; path = Base.lproj/LaunchScreen.storyboard; sourceTree = "<group>"; };
		DEA560862CC0D34C0073C520 /* Info.plist */ = {isa = PBXFileReference; lastKnownFileType = text.plist.xml; path = Info.plist; sourceTree = "<group>"; };
		DEA5608B2CC0D34C0073C520 /* AtlysCarouselTaskTests.xctest */ = {isa = PBXFileReference; explicitFileType = wrapper.cfbundle; includeInIndex = 0; path = AtlysCarouselTaskTests.xctest; sourceTree = BUILT_PRODUCTS_DIR; };
		DEA5608F2CC0D34C0073C520 /* AtlysCarouselTaskTests.swift */ = {isa = PBXFileReference; lastKnownFileType = sourcecode.swift; path = AtlysCarouselTaskTests.swift; sourceTree = "<group>"; };
		DEA560952CC0D34C0073C520 /* AtlysCarouselTaskUITests.xctest */ = {isa = PBXFileReference; explicitFileType = wrapper.cfbundle; includeInIndex = 0; path = AtlysCarouselTaskUITests.xctest; sourceTree = BUILT_PRODUCTS_DIR; };
		DEA560992CC0D34C0073C520 /* AtlysCarouselTaskUITests.swift */ = {isa = PBXFileReference; lastKnownFileType = sourcecode.swift; path = AtlysCarouselTaskUITests.swift; sourceTree = "<group>"; };
		DEA5609B2CC0D34C0073C520 /* AtlysCarouselTaskUITestsLaunchTests.swift */ = {isa = PBXFileReference; lastKnownFileType = sourcecode.swift; path = AtlysCarouselTaskUITestsLaunchTests.swift; sourceTree = "<group>"; };
		DEA560A82CC123FA0073C520 /* CarouselImage.swift */ = {isa = PBXFileReference; lastKnownFileType = sourcecode.swift; path = CarouselImage.swift; sourceTree = "<group>"; };
		DEA560AA2CC1241A0073C520 /* CarouselViewModel.swift */ = {isa = PBXFileReference; lastKnownFileType = sourcecode.swift; path = CarouselViewModel.swift; sourceTree = "<group>"; };
/* End PBXFileReference section */

/* Begin PBXFrameworksBuildPhase section */
		DEA560722CC0D34B0073C520 /* Frameworks */ = {
			isa = PBXFrameworksBuildPhase;
			buildActionMask = 2147483647;
			files = (
			);
			runOnlyForDeploymentPostprocessing = 0;
		};
		DEA560882CC0D34C0073C520 /* Frameworks */ = {
			isa = PBXFrameworksBuildPhase;
			buildActionMask = 2147483647;
			files = (
			);
			runOnlyForDeploymentPostprocessing = 0;
		};
		DEA560922CC0D34C0073C520 /* Frameworks */ = {
			isa = PBXFrameworksBuildPhase;
			buildActionMask = 2147483647;
			files = (
			);
			runOnlyForDeploymentPostprocessing = 0;
		};
/* End PBXFrameworksBuildPhase section */

/* Begin PBXGroup section */
		DEA5606C2CC0D34B0073C520 = {
			isa = PBXGroup;
			children = (
				DEA560772CC0D34B0073C520 /* AtlysCarouselTask */,
				DEA5608E2CC0D34C0073C520 /* AtlysCarouselTaskTests */,
				DEA560982CC0D34C0073C520 /* AtlysCarouselTaskUITests */,
				DEA560762CC0D34B0073C520 /* Products */,
			);
			sourceTree = "<group>";
		};
		DEA560762CC0D34B0073C520 /* Products */ = {
			isa = PBXGroup;
			children = (
				DEA560752CC0D34B0073C520 /* AtlysCarouselTask.app */,
				DEA5608B2CC0D34C0073C520 /* AtlysCarouselTaskTests.xctest */,
				DEA560952CC0D34C0073C520 /* AtlysCarouselTaskUITests.xctest */,
			);
			name = Products;
			sourceTree = "<group>";
		};
		DEA560772CC0D34B0073C520 /* AtlysCarouselTask */ = {
			isa = PBXGroup;
			children = (
				DEA560782CC0D34B0073C520 /* AppDelegate.swift */,
				DEA5607A2CC0D34B0073C520 /* SceneDelegate.swift */,
				DEA5607E2CC0D34B0073C520 /* Main.storyboard */,
				DEA560812CC0D34C0073C520 /* Assets.xcassets */,
				DEA560832CC0D34C0073C520 /* LaunchScreen.storyboard */,
				DEA560862CC0D34C0073C520 /* Info.plist */,
				DEA560A82CC123FA0073C520 /* CarouselImage.swift */,
				DEA560AA2CC1241A0073C520 /* CarouselViewModel.swift */,
				DEA5607C2CC0D34B0073C520 /* ViewController.swift */,
			);
			path = AtlysCarouselTask;
			sourceTree = "<group>";
		};
		DEA5608E2CC0D34C0073C520 /* AtlysCarouselTaskTests */ = {
			isa = PBXGroup;
			children = (
				DEA5608F2CC0D34C0073C520 /* AtlysCarouselTaskTests.swift */,
			);
			path = AtlysCarouselTaskTests;
			sourceTree = "<group>";
		};
		DEA560982CC0D34C0073C520 /* AtlysCarouselTaskUITests */ = {
			isa = PBXGroup;
			children = (
				DEA560992CC0D34C0073C520 /* AtlysCarouselTaskUITests.swift */,
				DEA5609B2CC0D34C0073C520 /* AtlysCarouselTaskUITestsLaunchTests.swift */,
			);
			path = AtlysCarouselTaskUITests;
			sourceTree = "<group>";
		};
/* End PBXGroup section */

/* Begin PBXNativeTarget section */
		DEA560742CC0D34B0073C520 /* AtlysCarouselTask */ = {
			isa = PBXNativeTarget;
			buildConfigurationList = DEA5609F2CC0D34C0073C520 /* Build configuration list for PBXNativeTarget "AtlysCarouselTask" */;
			buildPhases = (
				DEA560712CC0D34B0073C520 /* Sources */,
				DEA560722CC0D34B0073C520 /* Frameworks */,
				DEA560732CC0D34B0073C520 /* Resources */,
			);
			buildRules = (
			);
			dependencies = (
			);
			name = AtlysCarouselTask;
			productName = AtlysCarouselTask;
			productReference = DEA560752CC0D34B0073C520 /* AtlysCarouselTask.app */;
			productType = "com.apple.product-type.application";
		};
		DEA5608A2CC0D34C0073C520 /* AtlysCarouselTaskTests */ = {
			isa = PBXNativeTarget;
			buildConfigurationList = DEA560A22CC0D34C0073C520 /* Build configuration list for PBXNativeTarget "AtlysCarouselTaskTests" */;
			buildPhases = (
				DEA560872CC0D34C0073C520 /* Sources */,
				DEA560882CC0D34C0073C520 /* Frameworks */,
				DEA560892CC0D34C0073C520 /* Resources */,
			);
			buildRules = (
			);
			dependencies = (
				DEA5608D2CC0D34C0073C520 /* PBXTargetDependency */,
			);
			name = AtlysCarouselTaskTests;
			productName = AtlysCarouselTaskTests;
			productReference = DEA5608B2CC0D34C0073C520 /* AtlysCarouselTaskTests.xctest */;
			productType = "com.apple.product-type.bundle.unit-test";
		};
		DEA560942CC0D34C0073C520 /* AtlysCarouselTaskUITests */ = {
			isa = PBXNativeTarget;
			buildConfigurationList = DEA560A52CC0D34C0073C520 /* Build configuration list for PBXNativeTarget "AtlysCarouselTaskUITests" */;
			buildPhases = (
				DEA560912CC0D34C0073C520 /* Sources */,
				DEA560922CC0D34C0073C520 /* Frameworks */,
				DEA560932CC0D34C0073C520 /* Resources */,
			);
			buildRules = (
			);
			dependencies = (
				DEA560972CC0D34C0073C520 /* PBXTargetDependency */,
			);
			name = AtlysCarouselTaskUITests;
			productName = AtlysCarouselTaskUITests;
			productReference = DEA560952CC0D34C0073C520 /* AtlysCarouselTaskUITests.xctest */;
			productType = "com.apple.product-type.bundle.ui-testing";
		};
/* End PBXNativeTarget section */

/* Begin PBXProject section */
		DEA5606D2CC0D34B0073C520 /* Project object */ = {
			isa = PBXProject;
			attributes = {
				BuildIndependentTargetsInParallel = 1;
				LastSwiftUpdateCheck = 1500;
				LastUpgradeCheck = 1500;
				TargetAttributes = {
					DEA560742CC0D34B0073C520 = {
						CreatedOnToolsVersion = 15.0.1;
					};
					DEA5608A2CC0D34C0073C520 = {
						CreatedOnToolsVersion = 15.0.1;
						TestTargetID = DEA560742CC0D34B0073C520;
					};
					DEA560942CC0D34C0073C520 = {
						CreatedOnToolsVersion = 15.0.1;
						TestTargetID = DEA560742CC0D34B0073C520;
					};
				};
			};
			buildConfigurationList = DEA560702CC0D34B0073C520 /* Build configuration list for PBXProject "AtlysCarouselTask" */;
			compatibilityVersion = "Xcode 14.0";
			developmentRegion = en;
			hasScannedForEncodings = 0;
			knownRegions = (
				en,
				Base,
			);
			mainGroup = DEA5606C2CC0D34B0073C520;
			productRefGroup = DEA560762CC0D34B0073C520 /* Products */;
			projectDirPath = "";
			projectRoot = "";
			targets = (
				DEA560742CC0D34B0073C520 /* AtlysCarouselTask */,
				DEA5608A2CC0D34C0073C520 /* AtlysCarouselTaskTests */,
				DEA560942CC0D34C0073C520 /* AtlysCarouselTaskUITests */,
			);
		};
/* End PBXProject section */

/* Begin PBXResourcesBuildPhase section */
		DEA560732CC0D34B0073C520 /* Resources */ = {
			isa = PBXResourcesBuildPhase;
			buildActionMask = 2147483647;
			files = (
				DEA560852CC0D34C0073C520 /* LaunchScreen.storyboard in Resources */,
				DEA560822CC0D34C0073C520 /* Assets.xcassets in Resources */,
				DEA560802CC0D34B0073C520 /* Main.storyboard in Resources */,
			);
			runOnlyForDeploymentPostprocessing = 0;
		};
		DEA560892CC0D34C0073C520 /* Resources */ = {
			isa = PBXResourcesBuildPhase;
			buildActionMask = 2147483647;
			files = (
			);
			runOnlyForDeploymentPostprocessing = 0;
		};
		DEA560932CC0D34C0073C520 /* Resources */ = {
			isa = PBXResourcesBuildPhase;
			buildActionMask = 2147483647;
			files = (
			);
			runOnlyForDeploymentPostprocessing = 0;
		};
/* End PBXResourcesBuildPhase section */

/* Begin PBXSourcesBuildPhase section */
		DEA560712CC0D34B0073C520 /* Sources */ = {
			isa = PBXSourcesBuildPhase;
			buildActionMask = 2147483647;
			files = (
				DEA5607D2CC0D34B0073C520 /* ViewController.swift in Sources */,
				DEA560792CC0D34B0073C520 /* AppDelegate.swift in Sources */,
				DEA5607B2CC0D34B0073C520 /* SceneDelegate.swift in Sources */,
				DEA560AB2CC1241A0073C520 /* CarouselViewModel.swift in Sources */,
				DEA560A92CC123FA0073C520 /* CarouselImage.swift in Sources */,
			);
			runOnlyForDeploymentPostprocessing = 0;
		};
		DEA560872CC0D34C0073C520 /* Sources */ = {
			isa = PBXSourcesBuildPhase;
			buildActionMask = 2147483647;
			files = (
				DEA560902CC0D34C0073C520 /* AtlysCarouselTaskTests.swift in Sources */,
			);
			runOnlyForDeploymentPostprocessing = 0;
		};
		DEA560912CC0D34C0073C520 /* Sources */ = {
			isa = PBXSourcesBuildPhase;
			buildActionMask = 2147483647;
			files = (
				DEA5609A2CC0D34C0073C520 /* AtlysCarouselTaskUITests.swift in Sources */,
				DEA5609C2CC0D34C0073C520 /* AtlysCarouselTaskUITestsLaunchTests.swift in Sources */,
			);
			runOnlyForDeploymentPostprocessing = 0;
		};
/* End PBXSourcesBuildPhase section */

/* Begin PBXTargetDependency section */
		DEA5608D2CC0D34C0073C520 /* PBXTargetDependency */ = {
			isa = PBXTargetDependency;
			target = DEA560742CC0D34B0073C520 /* AtlysCarouselTask */;
			targetProxy = DEA5608C2CC0D34C0073C520 /* PBXContainerItemProxy */;
		};
		DEA560972CC0D34C0073C520 /* PBXTargetDependency */ = {
			isa = PBXTargetDependency;
			target = DEA560742CC0D34B0073C520 /* AtlysCarouselTask */;
			targetProxy = DEA560962CC0D34C0073C520 /* PBXContainerItemProxy */;
		};
/* End PBXTargetDependency section */

/* Begin PBXVariantGroup section */
		DEA5607E2CC0D34B0073C520 /* Main.storyboard */ = {
			isa = PBXVariantGroup;
			children = (
				DEA5607F2CC0D34B0073C520 /* Base */,
			);
			name = Main.storyboard;
			sourceTree = "<group>";
		};
		DEA560832CC0D34C0073C520 /* LaunchScreen.storyboard */ = {
			isa = PBXVariantGroup;
			children = (
				DEA560842CC0D34C0073C520 /* Base */,
			);
			name = LaunchScreen.storyboard;
			sourceTree = "<group>";
		};
/* End PBXVariantGroup section */

/* Begin XCBuildConfiguration section */
		DEA5609D2CC0D34C0073C520 /* Debug */ = {
			isa = XCBuildConfiguration;
			buildSettings = {
				ALWAYS_SEARCH_USER_PATHS = NO;
				ASSETCATALOG_COMPILER_GENERATE_SWIFT_ASSET_SYMBOL_EXTENSIONS = YES;
				CLANG_ANALYZER_NONNULL = YES;
				CLANG_ANALYZER_NUMBER_OBJECT_CONVERSION = YES_AGGRESSIVE;
				CLANG_CXX_LANGUAGE_STANDARD = "gnu++20";
				CLANG_ENABLE_MODULES = YES;
				CLANG_ENABLE_OBJC_ARC = YES;
				CLANG_ENABLE_OBJC_WEAK = YES;
				CLANG_WARN_BLOCK_CAPTURE_AUTORELEASING = YES;
				CLANG_WARN_BOOL_CONVERSION = YES;
				CLANG_WARN_COMMA = YES;
				CLANG_WARN_CONSTANT_CONVERSION = YES;
				CLANG_WARN_DEPRECATED_OBJC_IMPLEMENTATIONS = YES;
				CLANG_WARN_DIRECT_OBJC_ISA_USAGE = YES_ERROR;
				CLANG_WARN_DOCUMENTATION_COMMENTS = YES;
				CLANG_WARN_EMPTY_BODY = YES;
				CLANG_WARN_ENUM_CONVERSION = YES;
				CLANG_WARN_INFINITE_RECURSION = YES;
				CLANG_WARN_INT_CONVERSION = YES;
				CLANG_WARN_NON_LITERAL_NULL_CONVERSION = YES;
				CLANG_WARN_OBJC_IMPLICIT_RETAIN_SELF = YES;
				CLANG_WARN_OBJC_LITERAL_CONVERSION = YES;
				CLANG_WARN_OBJC_ROOT_CLASS = YES_ERROR;
				CLANG_WARN_QUOTED_INCLUDE_IN_FRAMEWORK_HEADER = YES;
				CLANG_WARN_RANGE_LOOP_ANALYSIS = YES;
				CLANG_WARN_STRICT_PROTOTYPES = YES;
				CLANG_WARN_SUSPICIOUS_MOVE = YES;
				CLANG_WARN_UNGUARDED_AVAILABILITY = YES_AGGRESSIVE;
				CLANG_WARN_UNREACHABLE_CODE = YES;
				CLANG_WARN__DUPLICATE_METHOD_MATCH = YES;
				COPY_PHASE_STRIP = NO;
				DEBUG_INFORMATION_FORMAT = dwarf;
				ENABLE_STRICT_OBJC_MSGSEND = YES;
				ENABLE_TESTABILITY = YES;
				ENABLE_USER_SCRIPT_SANDBOXING = YES;
				GCC_C_LANGUAGE_STANDARD = gnu17;
				GCC_DYNAMIC_NO_PIC = NO;
				GCC_NO_COMMON_BLOCKS = YES;
				GCC_OPTIMIZATION_LEVEL = 0;
				GCC_PREPROCESSOR_DEFINITIONS = (
					"DEBUG=1",
					"$(inherited)",
				);
				GCC_WARN_64_TO_32_BIT_CONVERSION = YES;
				GCC_WARN_ABOUT_RETURN_TYPE = YES_ERROR;
				GCC_WARN_UNDECLARED_SELECTOR = YES;
				GCC_WARN_UNINITIALIZED_AUTOS = YES_AGGRESSIVE;
				GCC_WARN_UNUSED_FUNCTION = YES;
				GCC_WARN_UNUSED_VARIABLE = YES;
				IPHONEOS_DEPLOYMENT_TARGET = 17.0;
				LOCALIZATION_PREFERS_STRING_CATALOGS = YES;
				MTL_ENABLE_DEBUG_INFO = INCLUDE_SOURCE;
				MTL_FAST_MATH = YES;
				ONLY_ACTIVE_ARCH = YES;
				SDKROOT = iphoneos;
				SWIFT_ACTIVE_COMPILATION_CONDITIONS = "DEBUG $(inherited)";
				SWIFT_OPTIMIZATION_LEVEL = "-Onone";
			};
			name = Debug;
		};
		DEA5609E2CC0D34C0073C520 /* Release */ = {
			isa = XCBuildConfiguration;
			buildSettings = {
				ALWAYS_SEARCH_USER_PATHS = NO;
				ASSETCATALOG_COMPILER_GENERATE_SWIFT_ASSET_SYMBOL_EXTENSIONS = YES;
				CLANG_ANALYZER_NONNULL = YES;
				CLANG_ANALYZER_NUMBER_OBJECT_CONVERSION = YES_AGGRESSIVE;
				CLANG_CXX_LANGUAGE_STANDARD = "gnu++20";
				CLANG_ENABLE_MODULES = YES;
				CLANG_ENABLE_OBJC_ARC = YES;
				CLANG_ENABLE_OBJC_WEAK = YES;
				CLANG_WARN_BLOCK_CAPTURE_AUTORELEASING = YES;
				CLANG_WARN_BOOL_CONVERSION = YES;
				CLANG_WARN_COMMA = YES;
				CLANG_WARN_CONSTANT_CONVERSION = YES;
				CLANG_WARN_DEPRECATED_OBJC_IMPLEMENTATIONS = YES;
				CLANG_WARN_DIRECT_OBJC_ISA_USAGE = YES_ERROR;
				CLANG_WARN_DOCUMENTATION_COMMENTS = YES;
				CLANG_WARN_EMPTY_BODY = YES;
				CLANG_WARN_ENUM_CONVERSION = YES;
				CLANG_WARN_INFINITE_RECURSION = YES;
				CLANG_WARN_INT_CONVERSION = YES;
				CLANG_WARN_NON_LITERAL_NULL_CONVERSION = YES;
				CLANG_WARN_OBJC_IMPLICIT_RETAIN_SELF = YES;
				CLANG_WARN_OBJC_LITERAL_CONVERSION = YES;
				CLANG_WARN_OBJC_ROOT_CLASS = YES_ERROR;
				CLANG_WARN_QUOTED_INCLUDE_IN_FRAMEWORK_HEADER = YES;
				CLANG_WARN_RANGE_LOOP_ANALYSIS = YES;
				CLANG_WARN_STRICT_PROTOTYPES = YES;
				CLANG_WARN_SUSPICIOUS_MOVE = YES;
				CLANG_WARN_UNGUARDED_AVAILABILITY = YES_AGGRESSIVE;
				CLANG_WARN_UNREACHABLE_CODE = YES;
				CLANG_WARN__DUPLICATE_METHOD_MATCH = YES;
				COPY_PHASE_STRIP = NO;
				DEBUG_INFORMATION_FORMAT = "dwarf-with-dsym";
				ENABLE_NS_ASSERTIONS = NO;
				ENABLE_STRICT_OBJC_MSGSEND = YES;
				ENABLE_USER_SCRIPT_SANDBOXING = YES;
				GCC_C_LANGUAGE_STANDARD = gnu17;
				GCC_NO_COMMON_BLOCKS = YES;
				GCC_WARN_64_TO_32_BIT_CONVERSION = YES;
				GCC_WARN_ABOUT_RETURN_TYPE = YES_ERROR;
				GCC_WARN_UNDECLARED_SELECTOR = YES;
				GCC_WARN_UNINITIALIZED_AUTOS = YES_AGGRESSIVE;
				GCC_WARN_UNUSED_FUNCTION = YES;
				GCC_WARN_UNUSED_VARIABLE = YES;
				IPHONEOS_DEPLOYMENT_TARGET = 17.0;
				LOCALIZATION_PREFERS_STRING_CATALOGS = YES;
				MTL_ENABLE_DEBUG_INFO = NO;
				MTL_FAST_MATH = YES;
				SDKROOT = iphoneos;
				SWIFT_COMPILATION_MODE = wholemodule;
				VALIDATE_PRODUCT = YES;
			};
			name = Release;
		};
		DEA560A02CC0D34C0073C520 /* Debug */ = {
			isa = XCBuildConfiguration;
			buildSettings = {
				ASSETCATALOG_COMPILER_APPICON_NAME = AppIcon;
				ASSETCATALOG_COMPILER_GLOBAL_ACCENT_COLOR_NAME = AccentColor;
				CODE_SIGN_STYLE = Automatic;
				CURRENT_PROJECT_VERSION = 1;
				GENERATE_INFOPLIST_FILE = YES;
				INFOPLIST_FILE = AtlysCarouselTask/Info.plist;
				INFOPLIST_KEY_UIApplicationSupportsIndirectInputEvents = YES;
				INFOPLIST_KEY_UILaunchStoryboardName = LaunchScreen;
				INFOPLIST_KEY_UIMainStoryboardFile = Main;
				INFOPLIST_KEY_UISupportedInterfaceOrientations_iPad = "UIInterfaceOrientationPortrait UIInterfaceOrientationPortraitUpsideDown UIInterfaceOrientationLandscapeLeft UIInterfaceOrientationLandscapeRight";
				INFOPLIST_KEY_UISupportedInterfaceOrientations_iPhone = "UIInterfaceOrientationPortrait UIInterfaceOrientationLandscapeLeft UIInterfaceOrientationLandscapeRight";
				LD_RUNPATH_SEARCH_PATHS = (
					"$(inherited)",
					"@executable_path/Frameworks",
				);
				MARKETING_VERSION = 1.0;
				PRODUCT_BUNDLE_IDENTIFIER = com.atlys.carouseldemo.AtlysCarouselTask;
				PRODUCT_NAME = "$(TARGET_NAME)";
				SWIFT_EMIT_LOC_STRINGS = YES;
				SWIFT_VERSION = 5.0;
				TARGETED_DEVICE_FAMILY = "1,2";
			};
			name = Debug;
		};
		DEA560A12CC0D34C0073C520 /* Release */ = {
			isa = XCBuildConfiguration;
			buildSettings = {
				ASSETCATALOG_COMPILER_APPICON_NAME = AppIcon;
				ASSETCATALOG_COMPILER_GLOBAL_ACCENT_COLOR_NAME = AccentColor;
				CODE_SIGN_STYLE = Automatic;
				CURRENT_PROJECT_VERSION = 1;
				GENERATE_INFOPLIST_FILE = YES;
				INFOPLIST_FILE = AtlysCarouselTask/Info.plist;
				INFOPLIST_KEY_UIApplicationSupportsIndirectInputEvents = YES;
				INFOPLIST_KEY_UILaunchStoryboardName = LaunchScreen;
				INFOPLIST_KEY_UIMainStoryboardFile = Main;
				INFOPLIST_KEY_UISupportedInterfaceOrientations_iPad = "UIInterfaceOrientationPortrait UIInterfaceOrientationPortraitUpsideDown UIInterfaceOrientationLandscapeLeft UIInterfaceOrientationLandscapeRight";
				INFOPLIST_KEY_UISupportedInterfaceOrientations_iPhone = "UIInterfaceOrientationPortrait UIInterfaceOrientationLandscapeLeft UIInterfaceOrientationLandscapeRight";
				LD_RUNPATH_SEARCH_PATHS = (
					"$(inherited)",
					"@executable_path/Frameworks",
				);
				MARKETING_VERSION = 1.0;
				PRODUCT_BUNDLE_IDENTIFIER = com.atlys.carouseldemo.AtlysCarouselTask;
				PRODUCT_NAME = "$(TARGET_NAME)";
				SWIFT_EMIT_LOC_STRINGS = YES;
				SWIFT_VERSION = 5.0;
				TARGETED_DEVICE_FAMILY = "1,2";
			};
			name = Release;
		};
		DEA560A32CC0D34C0073C520 /* Debug */ = {
			isa = XCBuildConfiguration;
			buildSettings = {
				ALWAYS_EMBED_SWIFT_STANDARD_LIBRARIES = YES;
				BUNDLE_LOADER = "$(TEST_HOST)";
				CODE_SIGN_STYLE = Automatic;
				CURRENT_PROJECT_VERSION = 1;
				GENERATE_INFOPLIST_FILE = YES;
				IPHONEOS_DEPLOYMENT_TARGET = 17.0;
				MARKETING_VERSION = 1.0;
				PRODUCT_BUNDLE_IDENTIFIER = com.atlys.carouseldemo.AtlysCarouselTaskTests;
				PRODUCT_NAME = "$(TARGET_NAME)";
				SWIFT_EMIT_LOC_STRINGS = NO;
				SWIFT_VERSION = 5.0;
				TARGETED_DEVICE_FAMILY = "1,2";
				TEST_HOST = "$(BUILT_PRODUCTS_DIR)/AtlysCarouselTask.app/$(BUNDLE_EXECUTABLE_FOLDER_PATH)/AtlysCarouselTask";
			};
			name = Debug;
		};
		DEA560A42CC0D34C0073C520 /* Release */ = {
			isa = XCBuildConfiguration;
			buildSettings = {
				ALWAYS_EMBED_SWIFT_STANDARD_LIBRARIES = YES;
				BUNDLE_LOADER = "$(TEST_HOST)";
				CODE_SIGN_STYLE = Automatic;
				CURRENT_PROJECT_VERSION = 1;
				GENERATE_INFOPLIST_FILE = YES;
				IPHONEOS_DEPLOYMENT_TARGET = 17.0;
				MARKETING_VERSION = 1.0;
				PRODUCT_BUNDLE_IDENTIFIER = com.atlys.carouseldemo.AtlysCarouselTaskTests;
				PRODUCT_NAME = "$(TARGET_NAME)";
				SWIFT_EMIT_LOC_STRINGS = NO;
				SWIFT_VERSION = 5.0;
				TARGETED_DEVICE_FAMILY = "1,2";
				TEST_HOST = "$(BUILT_PRODUCTS_DIR)/AtlysCarouselTask.app/$(BUNDLE_EXECUTABLE_FOLDER_PATH)/AtlysCarouselTask";
			};
			name = Release;
		};
		DEA560A62CC0D34C0073C520 /* Debug */ = {
			isa = XCBuildConfiguration;
			buildSettings = {
				ALWAYS_EMBED_SWIFT_STANDARD_LIBRARIES = YES;
				CODE_SIGN_STYLE = Automatic;
				CURRENT_PROJECT_VERSION = 1;
				GENERATE_INFOPLIST_FILE = YES;
				MARKETING_VERSION = 1.0;
				PRODUCT_BUNDLE_IDENTIFIER = com.atlys.carouseldemo.AtlysCarouselTaskUITests;
				PRODUCT_NAME = "$(TARGET_NAME)";
				SWIFT_EMIT_LOC_STRINGS = NO;
				SWIFT_VERSION = 5.0;
				TARGETED_DEVICE_FAMILY = "1,2";
				TEST_TARGET_NAME = AtlysCarouselTask;
			};
			name = Debug;
		};
		DEA560A72CC0D34C0073C520 /* Release */ = {
			isa = XCBuildConfiguration;
			buildSettings = {
				ALWAYS_EMBED_SWIFT_STANDARD_LIBRARIES = YES;
				CODE_SIGN_STYLE = Automatic;
				CURRENT_PROJECT_VERSION = 1;
				GENERATE_INFOPLIST_FILE = YES;
				MARKETING_VERSION = 1.0;
				PRODUCT_BUNDLE_IDENTIFIER = com.atlys.carouseldemo.AtlysCarouselTaskUITests;
				PRODUCT_NAME = "$(TARGET_NAME)";
				SWIFT_EMIT_LOC_STRINGS = NO;
				SWIFT_VERSION = 5.0;
				TARGETED_DEVICE_FAMILY = "1,2";
				TEST_TARGET_NAME = AtlysCarouselTask;
			};
			name = Release;
		};
/* End XCBuildConfiguration section */

/* Begin XCConfigurationList section */
		DEA560702CC0D34B0073C520 /* Build configuration list for PBXProject "AtlysCarouselTask" */ = {
			isa = XCConfigurationList;
			buildConfigurations = (
				DEA5609D2CC0D34C0073C520 /* Debug */,
				DEA5609E2CC0D34C0073C520 /* Release */,
			);
			defaultConfigurationIsVisible = 0;
			defaultConfigurationName = Release;
		};
		DEA5609F2CC0D34C0073C520 /* Build configuration list for PBXNativeTarget "AtlysCarouselTask" */ = {
			isa = XCConfigurationList;
			buildConfigurations = (
				DEA560A02CC0D34C0073C520 /* Debug */,
				DEA560A12CC0D34C0073C520 /* Release */,
			);
			defaultConfigurationIsVisible = 0;
			defaultConfigurationName = Release;
		};
		DEA560A22CC0D34C0073C520 /* Build configuration list for PBXNativeTarget "AtlysCarouselTaskTests" */ = {
			isa = XCConfigurationList;
			buildConfigurations = (
				DEA560A32CC0D34C0073C520 /* Debug */,
				DEA560A42CC0D34C0073C520 /* Release */,
			);
			defaultConfigurationIsVisible = 0;
			defaultConfigurationName = Release;
		};
		DEA560A52CC0D34C0073C520 /* Build configuration list for PBXNativeTarget "AtlysCarouselTaskUITests" */ = {
			isa = XCConfigurationList;
			buildConfigurations = (
				DEA560A62CC0D34C0073C520 /* Debug */,
				DEA560A72CC0D34C0073C520 /* Release */,
			);
			defaultConfigurationIsVisible = 0;
			defaultConfigurationName = Release;
		};
/* End XCConfigurationList section */
	};
	rootObject = DEA5606D2CC0D34B0073C520 /* Project object */;
}
